
Microsoft Visual Studio Solution File, Format Version 12.00
# Visual Studio 2017
Project("{FAE04EC0-301F-11D3-BF4B-00C04F79EFBC}") = "Ping_Pong", "Ping_Pong.csproj", "{7C088D42-6A3D-446C-0D07-8D8A156C1A16}"
EndProject
Global
	GlobalSection(SolutionConfigurationPlatforms) = preSolution
		Debug|Any CPU = Debug|Any CPU
		Release|Any CPU = Release|Any CPU
	EndGlobalSection
	GlobalSection(ProjectConfigurationPlatforms) = postSolution
		{7C088D42-6A3D-446C-0D07-8D8A156C1A16}.Debug|Any CPU.ActiveCfg = Debug|Any CPU
		{7C088D42-6A3D-446C-0D07-8D8A156C1A16}.Debug|Any CPU.Build.0 = Debug|Any CPU
		{7C088D42-6A3D-446C-0D07-8D8A156C1A16}.Release|Any CPU.ActiveCfg = Release|Any CPU
		{7C088D42-6A3D-446C-0D07-8D8A156C1A16}.Release|Any CPU.Build.0 = Release|Any CPU
	EndGlobalSection
	GlobalSection(SolutionProperties) = preSolution
		HideSolutionNode = FALSE
	EndGlobalSection
EndGlobal
